
Microsoft Visual Studio Solution File, Format Version 12.00
# Visual Studio Version 17
VisualStudioVersion = 17.11.35303.130
MinimumVisualStudioVersion = 10.0.40219.1
Project("{9A19103F-16F7-4668-BE54-9A1E7A4F7556}") = "BudgetManager", "BudgetManager\BudgetManager.csproj", "{D33DDDC7-F3B9-435F-9F98-19BFA35325D5}"
EndProject
Project("{FAE04EC0-301F-11D3-BF4B-00C04F79EFBC}") = "AccountManager", "AccountManager\AccountManager.csproj", "{E6A7E375-1421-4C93-8B2E-13A50004DF4B}"
EndProject
Project("{FAE04EC0-301F-11D3-BF4B-00C04F79EFBC}") = "DBManager", "DBManager\DBManager.csproj", "{EFB92037-0686-40A7-B4A4-B215E4D7CC33}"
EndProject
Global
	GlobalSection(SolutionConfigurationPlatforms) = preSolution
		Debug|Any CPU = Debug|Any CPU
		Debug|x64 = Debug|x64
		Debug|x86 = Debug|x86
		Release|Any CPU = Release|Any CPU
		Release|x64 = Release|x64
		Release|x86 = Release|x86
	EndGlobalSection
	GlobalSection(ProjectConfigurationPlatforms) = postSolution
		{D33DDDC7-F3B9-435F-9F98-19BFA35325D5}.Debug|Any CPU.ActiveCfg = Debug|Any CPU
		{D33DDDC7-F3B9-435F-9F98-19BFA35325D5}.Debug|Any CPU.Build.0 = Debug|Any CPU
		{D33DDDC7-F3B9-435F-9F98-19BFA35325D5}.Debug|x64.ActiveCfg = Debug|Any CPU
		{D33DDDC7-F3B9-435F-9F98-19BFA35325D5}.Debug|x64.Build.0 = Debug|Any CPU
		{D33DDDC7-F3B9-435F-9F98-19BFA35325D5}.Debug|x86.ActiveCfg = Debug|Any CPU
		{D33DDDC7-F3B9-435F-9F98-19BFA35325D5}.Debug|x86.Build.0 = Debug|Any CPU
		{D33DDDC7-F3B9-435F-9F98-19BFA35325D5}.Release|Any CPU.ActiveCfg = Release|Any CPU
		{D33DDDC7-F3B9-435F-9F98-19BFA35325D5}.Release|Any CPU.Build.0 = Release|Any CPU
		{D33DDDC7-F3B9-435F-9F98-19BFA35325D5}.Release|x64.ActiveCfg = Release|Any CPU
		{D33DDDC7-F3B9-435F-9F98-19BFA35325D5}.Release|x64.Build.0 = Release|Any CPU
		{D33DDDC7-F3B9-435F-9F98-19BFA35325D5}.Release|x86.ActiveCfg = Release|Any CPU
		{D33DDDC7-F3B9-435F-9F98-19BFA35325D5}.Release|x86.Build.0 = Release|Any CPU
		{E6A7E375-1421-4C93-8B2E-13A50004DF4B}.Debug|Any CPU.ActiveCfg = Debug|Any CPU
		{E6A7E375-1421-4C93-8B2E-13A50004DF4B}.Debug|Any CPU.Build.0 = Debug|Any CPU
		{E6A7E375-1421-4C93-8B2E-13A50004DF4B}.Debug|x64.ActiveCfg = Debug|Any CPU
		{E6A7E375-1421-4C93-8B2E-13A50004DF4B}.Debug|x64.Build.0 = Debug|Any CPU
		{E6A7E375-1421-4C93-8B2E-13A50004DF4B}.Debug|x86.ActiveCfg = Debug|Any CPU
		{E6A7E375-1421-4C93-8B2E-13A50004DF4B}.Debug|x86.Build.0 = Debug|Any CPU
		{E6A7E375-1421-4C93-8B2E-13A50004DF4B}.Release|Any CPU.ActiveCfg = Release|Any CPU
		{E6A7E375-1421-4C93-8B2E-13A50004DF4B}.Release|Any CPU.Build.0 = Release|Any CPU
		{E6A7E375-1421-4C93-8B2E-13A50004DF4B}.Release|x64.ActiveCfg = Release|Any CPU
		{E6A7E375-1421-4C93-8B2E-13A50004DF4B}.Release|x64.Build.0 = Release|Any CPU
		{E6A7E375-1421-4C93-8B2E-13A50004DF4B}.Release|x86.ActiveCfg = Release|Any CPU
		{E6A7E375-1421-4C93-8B2E-13A50004DF4B}.Release|x86.Build.0 = Release|Any CPU
		{EFB92037-0686-40A7-B4A4-B215E4D7CC33}.Debug|Any CPU.ActiveCfg = Debug|Any CPU
		{EFB92037-0686-40A7-B4A4-B215E4D7CC33}.Debug|Any CPU.Build.0 = Debug|Any CPU
		{EFB92037-0686-40A7-B4A4-B215E4D7CC33}.Debug|x64.ActiveCfg = Debug|Any CPU
		{EFB92037-0686-40A7-B4A4-B215E4D7CC33}.Debug|x64.Build.0 = Debug|Any CPU
		{EFB92037-0686-40A7-B4A4-B215E4D7CC33}.Debug|x86.ActiveCfg = Debug|Any CPU
		{EFB92037-0686-40A7-B4A4-B215E4D7CC33}.Debug|x86.Build.0 = Debug|Any CPU
		{EFB92037-0686-40A7-B4A4-B215E4D7CC33}.Release|Any CPU.ActiveCfg = Release|Any CPU
		{EFB92037-0686-40A7-B4A4-B215E4D7CC33}.Release|Any CPU.Build.0 = Release|Any CPU
		{EFB92037-0686-40A7-B4A4-B215E4D7CC33}.Release|x64.ActiveCfg = Release|Any CPU
		{EFB92037-0686-40A7-B4A4-B215E4D7CC33}.Release|x64.Build.0 = Release|Any CPU
		{EFB92037-0686-40A7-B4A4-B215E4D7CC33}.Release|x86.ActiveCfg = Release|Any CPU
		{EFB92037-0686-40A7-B4A4-B215E4D7CC33}.Release|x86.Build.0 = Release|Any CPU
	EndGlobalSection
	GlobalSection(SolutionProperties) = preSolution
		HideSolutionNode = FALSE
	EndGlobalSection
	GlobalSection(ExtensibilityGlobals) = postSolution
		SolutionGuid = {FC387DFD-EC8B-457C-8638-6F4A53FDC256}
	EndGlobalSection
EndGlobal
